
Microsoft Visual Studio Solution File, Format Version 12.00
# Visual Studio Version 17
VisualStudioVersion = 17.5.002.0
MinimumVisualStudioVersion = 10.0.40219.1
Project("{9A19103F-16F7-4668-BE54-9A1E7A4F7556}") = "my_school_front", "my_school_front.csproj", "{88ED3EDD-D06E-4AAC-8355-3C32897EC2F5}"
EndProject
Global
	GlobalSection(SolutionConfigurationPlatforms) = preSolution
		Debug|Any CPU = Debug|Any CPU
		Release|Any CPU = Release|Any CPU
	EndGlobalSection
	GlobalSection(ProjectConfigurationPlatforms) = postSolution
		{88ED3EDD-D06E-4AAC-8355-3C32897EC2F5}.Debug|Any CPU.ActiveCfg = Debug|Any CPU
		{88ED3EDD-D06E-4AAC-8355-3C32897EC2F5}.Debug|Any CPU.Build.0 = Debug|Any CPU
		{88ED3EDD-D06E-4AAC-8355-3C32897EC2F5}.Release|Any CPU.ActiveCfg = Release|Any CPU
		{88ED3EDD-D06E-4AAC-8355-3C32897EC2F5}.Release|Any CPU.Build.0 = Release|Any CPU
	EndGlobalSection
	GlobalSection(SolutionProperties) = preSolution
		HideSolutionNode = FALSE
	EndGlobalSection
	GlobalSection(ExtensibilityGlobals) = postSolution
		SolutionGuid = {51A03C58-81FB-4F7B-A971-FD9A24BE109A}
	EndGlobalSection
EndGlobal
